
Microsoft Visual Studio Solution File, Format Version 12.00
# Visual Studio Version 17
VisualStudioVersion = 17.5.002.0
MinimumVisualStudioVersion = 10.0.40219.1
Project("{9A19103F-16F7-4668-BE54-9A1E7A4F7556}") = "PetShop", "PetShop.csproj", "{6EAC6CEB-DBD8-44FF-A7DC-E1BA743C18F4}"
EndProject
Global
	GlobalSection(SolutionConfigurationPlatforms) = preSolution
		Debug|Any CPU = Debug|Any CPU
		Release|Any CPU = Release|Any CPU
	EndGlobalSection
	GlobalSection(ProjectConfigurationPlatforms) = postSolution
		{6EAC6CEB-DBD8-44FF-A7DC-E1BA743C18F4}.Debug|Any CPU.ActiveCfg = Debug|Any CPU
		{6EAC6CEB-DBD8-44FF-A7DC-E1BA743C18F4}.Debug|Any CPU.Build.0 = Debug|Any CPU
		{6EAC6CEB-DBD8-44FF-A7DC-E1BA743C18F4}.Release|Any CPU.ActiveCfg = Release|Any CPU
		{6EAC6CEB-DBD8-44FF-A7DC-E1BA743C18F4}.Release|Any CPU.Build.0 = Release|Any CPU
	EndGlobalSection
	GlobalSection(SolutionProperties) = preSolution
		HideSolutionNode = FALSE
	EndGlobalSection
	GlobalSection(ExtensibilityGlobals) = postSolution
		SolutionGuid = {E221700C-23B2-47CE-9A5B-87CDC23D6C04}
	EndGlobalSection
EndGlobal
